
Microsoft Visual Studio Solution File, Format Version 12.00
# Visual Studio Version 17
VisualStudioVersion = 17.14.36203.30 d17.14
MinimumVisualStudioVersion = 10.0.40219.1
Project("{FAE04EC0-301F-11D3-BF4B-00C04F79EFBC}") = "PRN232_SU25_SE182614_LocDpx", "PRN232_SU25_SE182614_LocDpx\PRN232_SU25_SE182614_LocDpx.csproj", "{D765C87B-DFFB-4BA0-A63C-223C51BD5F2F}"
EndProject
Project("{FAE04EC0-301F-11D3-BF4B-00C04F79EFBC}") = "PRN232_SU25_SE182614_Repository", "PRN232_SU25_SE182614_Repository\PRN232_SU25_SE182614_Repository.csproj", "{B3C380A1-A03E-421D-B13F-8946BB186ABB}"
EndProject
Project("{FAE04EC0-301F-11D3-BF4B-00C04F79EFBC}") = "PRN232_SU25_SE182614_Service", "PRN232_SU25_SE182614_Service\PRN232_SU25_SE182614_Service.csproj", "{156408F3-63F5-444B-ABDF-4436E045D757}"
EndProject
Global
	GlobalSection(SolutionConfigurationPlatforms) = preSolution
		Debug|Any CPU = Debug|Any CPU
		Release|Any CPU = Release|Any CPU
	EndGlobalSection
	GlobalSection(ProjectConfigurationPlatforms) = postSolution
		{D765C87B-DFFB-4BA0-A63C-223C51BD5F2F}.Debug|Any CPU.ActiveCfg = Debug|Any CPU
		{D765C87B-DFFB-4BA0-A63C-223C51BD5F2F}.Debug|Any CPU.Build.0 = Debug|Any CPU
		{D765C87B-DFFB-4BA0-A63C-223C51BD5F2F}.Release|Any CPU.ActiveCfg = Release|Any CPU
		{D765C87B-DFFB-4BA0-A63C-223C51BD5F2F}.Release|Any CPU.Build.0 = Release|Any CPU
		{B3C380A1-A03E-421D-B13F-8946BB186ABB}.Debug|Any CPU.ActiveCfg = Debug|Any CPU
		{B3C380A1-A03E-421D-B13F-8946BB186ABB}.Debug|Any CPU.Build.0 = Debug|Any CPU
		{B3C380A1-A03E-421D-B13F-8946BB186ABB}.Release|Any CPU.ActiveCfg = Release|Any CPU
		{B3C380A1-A03E-421D-B13F-8946BB186ABB}.Release|Any CPU.Build.0 = Release|Any CPU
		{156408F3-63F5-444B-ABDF-4436E045D757}.Debug|Any CPU.ActiveCfg = Debug|Any CPU
		{156408F3-63F5-444B-ABDF-4436E045D757}.Debug|Any CPU.Build.0 = Debug|Any CPU
		{156408F3-63F5-444B-ABDF-4436E045D757}.Release|Any CPU.ActiveCfg = Release|Any CPU
		{156408F3-63F5-444B-ABDF-4436E045D757}.Release|Any CPU.Build.0 = Release|Any CPU
	EndGlobalSection
	GlobalSection(SolutionProperties) = preSolution
		HideSolutionNode = FALSE
	EndGlobalSection
	GlobalSection(ExtensibilityGlobals) = postSolution
		SolutionGuid = {0B476BBE-6C77-46A1-A12C-E19C1EF707FE}
	EndGlobalSection
EndGlobal
